
Microsoft Visual Studio Solution File, Format Version 12.00
# Visual Studio Version 16
VisualStudioVersion = 16.0.29102.190
MinimumVisualStudioVersion = 10.0.40219.1
Project("{FAE04EC0-301F-11D3-BF4B-00C04F79EFBC}") = "AuthApplication", "AuthApplication\AuthApplication.csproj", "{CC9BE685-B1C0-437A-9533-B0F6550AFEC6}"
EndProject
Global
	GlobalSection(SolutionConfigurationPlatforms) = preSolution
		Debug|Any CPU = Debug|Any CPU
		Release|Any CPU = Release|Any CPU
	EndGlobalSection
	GlobalSection(ProjectConfigurationPlatforms) = postSolution
		{CC9BE685-B1C0-437A-9533-B0F6550AFEC6}.Debug|Any CPU.ActiveCfg = Debug|Any CPU
		{CC9BE685-B1C0-437A-9533-B0F6550AFEC6}.Debug|Any CPU.Build.0 = Debug|Any CPU
		{CC9BE685-B1C0-437A-9533-B0F6550AFEC6}.Release|Any CPU.ActiveCfg = Release|Any CPU
		{CC9BE685-B1C0-437A-9533-B0F6550AFEC6}.Release|Any CPU.Build.0 = Release|Any CPU
	EndGlobalSection
	GlobalSection(SolutionProperties) = preSolution
		HideSolutionNode = FALSE
	EndGlobalSection
	GlobalSection(ExtensibilityGlobals) = postSolution
		SolutionGuid = {4CB75D79-1DFB-4D7B-B866-D2CB793FB46C}
	EndGlobalSection
EndGlobal
